
Microsoft Visual Studio Solution File, Format Version 12.00
# Visual Studio 15
VisualStudioVersion = 15.0.28307.438
MinimumVisualStudioVersion = 10.0.40219.1
Project("{FAE04EC0-301F-11D3-BF4B-00C04F79EFBC}") = "firstTry.Android", "firstTry\firstTry.Android\firstTry.Android.csproj", "{16480C79-174F-41A9-A5E4-99D0CAAD4430}"
EndProject
Project("{FAE04EC0-301F-11D3-BF4B-00C04F79EFBC}") = "firstTry.iOS", "firstTry\firstTry.iOS\firstTry.iOS.csproj", "{B997D418-7916-4F1E-8576-A62D8049DE92}"
EndProject
Project("{FAE04EC0-301F-11D3-BF4B-00C04F79EFBC}") = "firstTry", "firstTry\firstTry\firstTry.csproj", "{C97DE2B4-9781-417E-A97E-FC72C28C20E6}"
EndProject
Global
	GlobalSection(SolutionConfigurationPlatforms) = preSolution
		Ad-Hoc|Any CPU = Ad-Hoc|Any CPU
		Ad-Hoc|iPhone = Ad-Hoc|iPhone
		Ad-Hoc|iPhoneSimulator = Ad-Hoc|iPhoneSimulator
		AppStore|Any CPU = AppStore|Any CPU
		AppStore|iPhone = AppStore|iPhone
		AppStore|iPhoneSimulator = AppStore|iPhoneSimulator
		Debug|Any CPU = Debug|Any CPU
		Debug|iPhone = Debug|iPhone
		Debug|iPhoneSimulator = Debug|iPhoneSimulator
		Release|Any CPU = Release|Any CPU
		Release|iPhone = Release|iPhone
		Release|iPhoneSimulator = Release|iPhoneSimulator
	EndGlobalSection
	GlobalSection(ProjectConfigurationPlatforms) = postSolution
		{16480C79-174F-41A9-A5E4-99D0CAAD4430}.Ad-Hoc|Any CPU.ActiveCfg = Release|Any CPU
		{16480C79-174F-41A9-A5E4-99D0CAAD4430}.Ad-Hoc|Any CPU.Build.0 = Release|Any CPU
		{16480C79-174F-41A9-A5E4-99D0CAAD4430}.Ad-Hoc|Any CPU.Deploy.0 = Release|Any CPU
		{16480C79-174F-41A9-A5E4-99D0CAAD4430}.Ad-Hoc|iPhone.ActiveCfg = Release|Any CPU
		{16480C79-174F-41A9-A5E4-99D0CAAD4430}.Ad-Hoc|iPhone.Build.0 = Release|Any CPU
		{16480C79-174F-41A9-A5E4-99D0CAAD4430}.Ad-Hoc|iPhone.Deploy.0 = Release|Any CPU
		{16480C79-174F-41A9-A5E4-99D0CAAD4430}.Ad-Hoc|iPhoneSimulator.ActiveCfg = Release|Any CPU
		{16480C79-174F-41A9-A5E4-99D0CAAD4430}.Ad-Hoc|iPhoneSimulator.Build.0 = Release|Any CPU
		{16480C79-174F-41A9-A5E4-99D0CAAD4430}.Ad-Hoc|iPhoneSimulator.Deploy.0 = Release|Any CPU
		{16480C79-174F-41A9-A5E4-99D0CAAD4430}.AppStore|Any CPU.ActiveCfg = Release|Any CPU
		{16480C79-174F-41A9-A5E4-99D0CAAD4430}.AppStore|Any CPU.Build.0 = Release|Any CPU
		{16480C79-174F-41A9-A5E4-99D0CAAD4430}.AppStore|Any CPU.Deploy.0 = Release|Any CPU
		{16480C79-174F-41A9-A5E4-99D0CAAD4430}.AppStore|iPhone.ActiveCfg = Release|Any CPU
		{16480C79-174F-41A9-A5E4-99D0CAAD4430}.AppStore|iPhone.Build.0 = Release|Any CPU
		{16480C79-174F-41A9-A5E4-99D0CAAD4430}.AppStore|iPhone.Deploy.0 = Release|Any CPU
		{16480C79-174F-41A9-A5E4-99D0CAAD4430}.AppStore|iPhoneSimulator.ActiveCfg = Release|Any CPU
		{16480C79-174F-41A9-A5E4-99D0CAAD4430}.AppStore|iPhoneSimulator.Build.0 = Release|Any CPU
		{16480C79-174F-41A9-A5E4-99D0CAAD4430}.AppStore|iPhoneSimulator.Deploy.0 = Release|Any CPU
		{16480C79-174F-41A9-A5E4-99D0CAAD4430}.Debug|Any CPU.ActiveCfg = Debug|Any CPU
		{16480C79-174F-41A9-A5E4-99D0CAAD4430}.Debug|Any CPU.Build.0 = Debug|Any CPU
		{16480C79-174F-41A9-A5E4-99D0CAAD4430}.Debug|Any CPU.Deploy.0 = Debug|Any CPU
		{16480C79-174F-41A9-A5E4-99D0CAAD4430}.Debug|iPhone.ActiveCfg = Debug|Any CPU
		{16480C79-174F-41A9-A5E4-99D0CAAD4430}.Debug|iPhone.Build.0 = Debug|Any CPU
		{16480C79-174F-41A9-A5E4-99D0CAAD4430}.Debug|iPhone.Deploy.0 = Debug|Any CPU
		{16480C79-174F-41A9-A5E4-99D0CAAD4430}.Debug|iPhoneSimulator.ActiveCfg = Debug|Any CPU
		{16480C79-174F-41A9-A5E4-99D0CAAD4430}.Debug|iPhoneSimulator.Build.0 = Debug|Any CPU
		{16480C79-174F-41A9-A5E4-99D0CAAD4430}.Debug|iPhoneSimulator.Deploy.0 = Debug|Any CPU
		{16480C79-174F-41A9-A5E4-99D0CAAD4430}.Release|Any CPU.ActiveCfg = Release|Any CPU
		{16480C79-174F-41A9-A5E4-99D0CAAD4430}.Release|Any CPU.Build.0 = Release|Any CPU
		{16480C79-174F-41A9-A5E4-99D0CAAD4430}.Release|Any CPU.Deploy.0 = Release|Any CPU
		{16480C79-174F-41A9-A5E4-99D0CAAD4430}.Release|iPhone.ActiveCfg = Release|Any CPU
		{16480C79-174F-41A9-A5E4-99D0CAAD4430}.Release|iPhone.Build.0 = Release|Any CPU
		{16480C79-174F-41A9-A5E4-99D0CAAD4430}.Release|iPhone.Deploy.0 = Release|Any CPU
		{16480C79-174F-41A9-A5E4-99D0CAAD4430}.Release|iPhoneSimulator.ActiveCfg = Release|Any CPU
		{16480C79-174F-41A9-A5E4-99D0CAAD4430}.Release|iPhoneSimulator.Build.0 = Release|Any CPU
		{16480C79-174F-41A9-A5E4-99D0CAAD4430}.Release|iPhoneSimulator.Deploy.0 = Release|Any CPU
		{B997D418-7916-4F1E-8576-A62D8049DE92}.Ad-Hoc|Any CPU.ActiveCfg = Ad-Hoc|iPhone
		{B997D418-7916-4F1E-8576-A62D8049DE92}.Ad-Hoc|Any CPU.Build.0 = Ad-Hoc|iPhone
		{B997D418-7916-4F1E-8576-A62D8049DE92}.Ad-Hoc|Any CPU.Deploy.0 = Ad-Hoc|iPhone
		{B997D418-7916-4F1E-8576-A62D8049DE92}.Ad-Hoc|iPhone.ActiveCfg = Ad-Hoc|iPhone
		{B997D418-7916-4F1E-8576-A62D8049DE92}.Ad-Hoc|iPhone.Build.0 = Ad-Hoc|iPhone
		{B997D418-7916-4F1E-8576-A62D8049DE92}.Ad-Hoc|iPhone.Deploy.0 = Ad-Hoc|iPhone
		{B997D418-7916-4F1E-8576-A62D8049DE92}.Ad-Hoc|iPhoneSimulator.ActiveCfg = Ad-Hoc|iPhoneSimulator
		{B997D418-7916-4F1E-8576-A62D8049DE92}.Ad-Hoc|iPhoneSimulator.Build.0 = Ad-Hoc|iPhoneSimulator
		{B997D418-7916-4F1E-8576-A62D8049DE92}.Ad-Hoc|iPhoneSimulator.Deploy.0 = Ad-Hoc|iPhoneSimulator
		{B997D418-7916-4F1E-8576-A62D8049DE92}.AppStore|Any CPU.ActiveCfg = AppStore|iPhone
		{B997D418-7916-4F1E-8576-A62D8049DE92}.AppStore|Any CPU.Build.0 = AppStore|iPhone
		{B997D418-7916-4F1E-8576-A62D8049DE92}.AppStore|Any CPU.Deploy.0 = AppStore|iPhone
		{B997D418-7916-4F1E-8576-A62D8049DE92}.AppStore|iPhone.ActiveCfg = AppStore|iPhone
		{B997D418-7916-4F1E-8576-A62D8049DE92}.AppStore|iPhone.Build.0 = AppStore|iPhone
		{B997D418-7916-4F1E-8576-A62D8049DE92}.AppStore|iPhone.Deploy.0 = AppStore|iPhone
		{B997D418-7916-4F1E-8576-A62D8049DE92}.AppStore|iPhoneSimulator.ActiveCfg = AppStore|iPhoneSimulator
		{B997D418-7916-4F1E-8576-A62D8049DE92}.AppStore|iPhoneSimulator.Build.0 = AppStore|iPhoneSimulator
		{B997D418-7916-4F1E-8576-A62D8049DE92}.AppStore|iPhoneSimulator.Deploy.0 = AppStore|iPhoneSimulator
		{B997D418-7916-4F1E-8576-A62D8049DE92}.Debug|Any CPU.ActiveCfg = Debug|iPhoneSimulator
		{B997D418-7916-4F1E-8576-A62D8049DE92}.Debug|Any CPU.Build.0 = Debug|iPhoneSimulator
		{B997D418-7916-4F1E-8576-A62D8049DE92}.Debug|Any CPU.Deploy.0 = Debug|iPhoneSimulator
		{B997D418-7916-4F1E-8576-A62D8049DE92}.Debug|iPhone.ActiveCfg = Debug|iPhone
		{B997D418-7916-4F1E-8576-A62D8049DE92}.Debug|iPhone.Build.0 = Debug|iPhone
		{B997D418-7916-4F1E-8576-A62D8049DE92}.Debug|iPhone.Deploy.0 = Debug|iPhone
		{B997D418-7916-4F1E-8576-A62D8049DE92}.Debug|iPhoneSimulator.ActiveCfg = Debug|iPhoneSimulator
		{B997D418-7916-4F1E-8576-A62D8049DE92}.Debug|iPhoneSimulator.Build.0 = Debug|iPhoneSimulator
		{B997D418-7916-4F1E-8576-A62D8049DE92}.Debug|iPhoneSimulator.Deploy.0 = Debug|iPhoneSimulator
		{B997D418-7916-4F1E-8576-A62D8049DE92}.Release|Any CPU.ActiveCfg = Release|iPhone
		{B997D418-7916-4F1E-8576-A62D8049DE92}.Release|Any CPU.Build.0 = Release|iPhone
		{B997D418-7916-4F1E-8576-A62D8049DE92}.Release|Any CPU.Deploy.0 = Release|iPhone
		{B997D418-7916-4F1E-8576-A62D8049DE92}.Release|iPhone.ActiveCfg = Release|iPhone
		{B997D418-7916-4F1E-8576-A62D8049DE92}.Release|iPhone.Build.0 = Release|iPhone
		{B997D418-7916-4F1E-8576-A62D8049DE92}.Release|iPhone.Deploy.0 = Release|iPhone
		{B997D418-7916-4F1E-8576-A62D8049DE92}.Release|iPhoneSimulator.ActiveCfg = Release|iPhoneSimulator
		{B997D418-7916-4F1E-8576-A62D8049DE92}.Release|iPhoneSimulator.Build.0 = Release|iPhoneSimulator
		{B997D418-7916-4F1E-8576-A62D8049DE92}.Release|iPhoneSimulator.Deploy.0 = Release|iPhoneSimulator
		{C97DE2B4-9781-417E-A97E-FC72C28C20E6}.Ad-Hoc|Any CPU.ActiveCfg = Debug|Any CPU
		{C97DE2B4-9781-417E-A97E-FC72C28C20E6}.Ad-Hoc|Any CPU.Build.0 = Debug|Any CPU
		{C97DE2B4-9781-417E-A97E-FC72C28C20E6}.Ad-Hoc|Any CPU.Deploy.0 = Debug|Any CPU
		{C97DE2B4-9781-417E-A97E-FC72C28C20E6}.Ad-Hoc|iPhone.ActiveCfg = Debug|Any CPU
		{C97DE2B4-9781-417E-A97E-FC72C28C20E6}.Ad-Hoc|iPhone.Build.0 = Debug|Any CPU
		{C97DE2B4-9781-417E-A97E-FC72C28C20E6}.Ad-Hoc|iPhone.Deploy.0 = Debug|Any CPU
		{C97DE2B4-9781-417E-A97E-FC72C28C20E6}.Ad-Hoc|iPhoneSimulator.ActiveCfg = Debug|Any CPU
		{C97DE2B4-9781-417E-A97E-FC72C28C20E6}.Ad-Hoc|iPhoneSimulator.Build.0 = Debug|Any CPU
		{C97DE2B4-9781-417E-A97E-FC72C28C20E6}.Ad-Hoc|iPhoneSimulator.Deploy.0 = Debug|Any CPU
		{C97DE2B4-9781-417E-A97E-FC72C28C20E6}.AppStore|Any CPU.ActiveCfg = Debug|Any CPU
		{C97DE2B4-9781-417E-A97E-FC72C28C20E6}.AppStore|Any CPU.Build.0 = Debug|Any CPU
		{C97DE2B4-9781-417E-A97E-FC72C28C20E6}.AppStore|Any CPU.Deploy.0 = Debug|Any CPU
		{C97DE2B4-9781-417E-A97E-FC72C28C20E6}.AppStore|iPhone.ActiveCfg = Debug|Any CPU
		{C97DE2B4-9781-417E-A97E-FC72C28C20E6}.AppStore|iPhone.Build.0 = Debug|Any CPU
		{C97DE2B4-9781-417E-A97E-FC72C28C20E6}.AppStore|iPhone.Deploy.0 = Debug|Any CPU
		{C97DE2B4-9781-417E-A97E-FC72C28C20E6}.AppStore|iPhoneSimulator.ActiveCfg = Debug|Any CPU
		{C97DE2B4-9781-417E-A97E-FC72C28C20E6}.AppStore|iPhoneSimulator.Build.0 = Debug|Any CPU
		{C97DE2B4-9781-417E-A97E-FC72C28C20E6}.AppStore|iPhoneSimulator.Deploy.0 = Debug|Any CPU
		{C97DE2B4-9781-417E-A97E-FC72C28C20E6}.Debug|Any CPU.ActiveCfg = Debug|Any CPU
		{C97DE2B4-9781-417E-A97E-FC72C28C20E6}.Debug|Any CPU.Build.0 = Debug|Any CPU
		{C97DE2B4-9781-417E-A97E-FC72C28C20E6}.Debug|Any CPU.Deploy.0 = Debug|Any CPU
		{C97DE2B4-9781-417E-A97E-FC72C28C20E6}.Debug|iPhone.ActiveCfg = Debug|Any CPU
		{C97DE2B4-9781-417E-A97E-FC72C28C20E6}.Debug|iPhone.Build.0 = Debug|Any CPU
		{C97DE2B4-9781-417E-A97E-FC72C28C20E6}.Debug|iPhone.Deploy.0 = Debug|Any CPU
		{C97DE2B4-9781-417E-A97E-FC72C28C20E6}.Debug|iPhoneSimulator.ActiveCfg = Debug|Any CPU
		{C97DE2B4-9781-417E-A97E-FC72C28C20E6}.Debug|iPhoneSimulator.Build.0 = Debug|Any CPU
		{C97DE2B4-9781-417E-A97E-FC72C28C20E6}.Debug|iPhoneSimulator.Deploy.0 = Debug|Any CPU
		{C97DE2B4-9781-417E-A97E-FC72C28C20E6}.Release|Any CPU.ActiveCfg = Release|Any CPU
		{C97DE2B4-9781-417E-A97E-FC72C28C20E6}.Release|Any CPU.Build.0 = Release|Any CPU
		{C97DE2B4-9781-417E-A97E-FC72C28C20E6}.Release|Any CPU.Deploy.0 = Release|Any CPU
		{C97DE2B4-9781-417E-A97E-FC72C28C20E6}.Release|iPhone.ActiveCfg = Release|Any CPU
		{C97DE2B4-9781-417E-A97E-FC72C28C20E6}.Release|iPhone.Build.0 = Release|Any CPU
		{C97DE2B4-9781-417E-A97E-FC72C28C20E6}.Release|iPhone.Deploy.0 = Release|Any CPU
		{C97DE2B4-9781-417E-A97E-FC72C28C20E6}.Release|iPhoneSimulator.ActiveCfg = Release|Any CPU
		{C97DE2B4-9781-417E-A97E-FC72C28C20E6}.Release|iPhoneSimulator.Build.0 = Release|Any CPU
		{C97DE2B4-9781-417E-A97E-FC72C28C20E6}.Release|iPhoneSimulator.Deploy.0 = Release|Any CPU
	EndGlobalSection
	GlobalSection(SolutionProperties) = preSolution
		HideSolutionNode = FALSE
	EndGlobalSection
	GlobalSection(ExtensibilityGlobals) = postSolution
		SolutionGuid = {16211D1F-0EC3-4647-8C59-F651542EB11A}
	EndGlobalSection
EndGlobal
